
Microsoft Visual Studio Solution File, Format Version 12.00
# Visual Studio Version 17
VisualStudioVersion = 17.11.35303.130
MinimumVisualStudioVersion = 10.0.40219.1
Project("{2150E333-8FDC-42A3-9474-1A3956D46DE8}") = "Task0", "Task0", "{2478DEF6-61B8-4F6B-96E6-73B90BCB727F}"
EndProject
Project("{2150E333-8FDC-42A3-9474-1A3956D46DE8}") = "Task1", "Task1", "{5EAD9189-71E2-4E9C-8446-18352046C9D3}"
EndProject
Project("{2150E333-8FDC-42A3-9474-1A3956D46DE8}") = "Task2", "Task2", "{B969B5DF-FB0D-47A1-813C-8603224426CB}"
EndProject
Project("{2150E333-8FDC-42A3-9474-1A3956D46DE8}") = "Task3", "Task3", "{14C0B8E8-F02E-405A-93A0-664348343421}"
EndProject
Project("{2150E333-8FDC-42A3-9474-1A3956D46DE8}") = "Task4", "Task4", "{49BA2B80-F4F0-41ED-BAAB-88FFCF16D83B}"
EndProject
Project("{2150E333-8FDC-42A3-9474-1A3956D46DE8}") = "Task5", "Task5", "{68584E8B-A8D4-4BA5-BE53-DC010BC92B93}"
EndProject
Project("{2150E333-8FDC-42A3-9474-1A3956D46DE8}") = "Task6", "Task6", "{DE4ED3D3-E020-44B1-9029-AD2432B6FF2C}"
EndProject
Project("{2150E333-8FDC-42A3-9474-1A3956D46DE8}") = "Task7", "Task7", "{0B98577C-E678-476E-90A1-B70DE3FC3CFF}"
EndProject
Project("{FAE04EC0-301F-11D3-BF4B-00C04F79EFBC}") = "Tyuiu.GubanovaSO.Sprint5.Task0.V21.Test", "Tyuiu.GubanovaSO.Sprint5.Task0.V21.Test\Tyuiu.GubanovaSO.Sprint5.Task0.V21.Test.csproj", "{3E2C2EE1-A3F3-45E3-BD79-643A4AD2BAD8}"
EndProject
Project("{FAE04EC0-301F-11D3-BF4B-00C04F79EFBC}") = "Tyuiu.GubanovaSO.Sprint5.Task0.V21.Lib", "Tyuiu.GubanovaSO.Sprint5.Task0.V21.Lib\Tyuiu.GubanovaSO.Sprint5.Task0.V21.Lib.csproj", "{5891B6B5-D11B-4573-A8C2-7F15F62934B3}"
EndProject
Project("{FAE04EC0-301F-11D3-BF4B-00C04F79EFBC}") = "Tyuiu.GubanovaSO.Sprint5.Task0.V21", "Tyuiu.GubanovaSO.Sprint5.Task0.V21\Tyuiu.GubanovaSO.Sprint5.Task0.V21.csproj", "{1557B24B-45D1-4481-8F99-74716B5FF7C9}"
EndProject
Project("{FAE04EC0-301F-11D3-BF4B-00C04F79EFBC}") = "Tyuiu.GubanovaSO.Sprint5.Task1.V17", "Tyuiu.GubanovaSO.Sprint5.Task1.V17\Tyuiu.GubanovaSO.Sprint5.Task1.V17.csproj", "{2FE99F7C-E49A-4DEA-82DD-802F4D9D66F9}"
EndProject
Project("{FAE04EC0-301F-11D3-BF4B-00C04F79EFBC}") = "Tyuiu.GubanovaSO.Sprint5.Task1.V17.Lib", "Tyuiu.GubanovaSO.Sprint5.Task1.V17.Lib\Tyuiu.GubanovaSO.Sprint5.Task1.V17.Lib.csproj", "{20ABA3A0-EDEB-4BC1-8733-09CAE0042840}"
EndProject
Project("{FAE04EC0-301F-11D3-BF4B-00C04F79EFBC}") = "Tyuiu.GubanovaSO.Sprint5.Task1.V17.Test", "Tyuiu.GubanovaSO.Sprint5.Task1.V17.Test\Tyuiu.GubanovaSO.Sprint5.Task1.V17.Test.csproj", "{03CA6ED6-6E3A-44CD-ABB8-150EE8345794}"
EndProject
Project("{FAE04EC0-301F-11D3-BF4B-00C04F79EFBC}") = "Tyuiu.GubanovaSO.Sprint5.Task2.V25.Test", "Tyuiu.GubanovaSO.Sprint5.Task2.V25.Test\Tyuiu.GubanovaSO.Sprint5.Task2.V25.Test.csproj", "{20B93611-8C22-4C6E-AC23-18CC0275FADB}"
EndProject
Project("{FAE04EC0-301F-11D3-BF4B-00C04F79EFBC}") = "Tyuiu.GubanovaSO.Sprint5.Task2.V25.Lib", "Tyuiu.GubanovaSO.Sprint5.Task2.V25.Lib\Tyuiu.GubanovaSO.Sprint5.Task2.V25.Lib.csproj", "{7644F645-979E-4076-B279-469E4B40F3B7}"
EndProject
Project("{FAE04EC0-301F-11D3-BF4B-00C04F79EFBC}") = "Tyuiu.GubanovaSO.Sprint5.Task2.V25", "Tyuiu.GubanovaSO.Sprint5.Task2.V25\Tyuiu.GubanovaSO.Sprint5.Task2.V25.csproj", "{99AB4A5D-A1D7-4126-915F-E13E7D3939F6}"
EndProject
Project("{FAE04EC0-301F-11D3-BF4B-00C04F79EFBC}") = "Tyuiu.GubanovaSO.Sprint5.Task3.V15", "Tyuiu.GubanovaSO.Sprint5.Task3.V15\Tyuiu.GubanovaSO.Sprint5.Task3.V15.csproj", "{E4918FBB-B048-47D5-940B-6A79469EFD74}"
EndProject
Project("{FAE04EC0-301F-11D3-BF4B-00C04F79EFBC}") = "Tyuiu.GubanovaSO.Sprint5.Task3.V15.Lib", "Tyuiu.GubanovaSO.Sprint5.Task3.V15.Lib\Tyuiu.GubanovaSO.Sprint5.Task3.V15.Lib.csproj", "{3EF9E9CB-058F-494E-B5B3-13EFA7713F0D}"
EndProject
Project("{FAE04EC0-301F-11D3-BF4B-00C04F79EFBC}") = "Tyuiu.GubanovaSO.Sprint5.Task3.V15.Test", "Tyuiu.GubanovaSO.Sprint5.Task3.V15.Test\Tyuiu.GubanovaSO.Sprint5.Task3.V15.Test.csproj", "{6A28190F-1C2F-4DC9-B9C1-2C6725E2BA52}"
EndProject
Project("{FAE04EC0-301F-11D3-BF4B-00C04F79EFBC}") = "Tyuiu.GubanovaSO.Sprint5.Task4.V30", "Tyuiu.GubanovaSO.Sprint5.Task4.V30\Tyuiu.GubanovaSO.Sprint5.Task4.V30.csproj", "{4E9351E7-B21A-409E-800B-1581F5CA2B6A}"
EndProject
Project("{FAE04EC0-301F-11D3-BF4B-00C04F79EFBC}") = "Tyuiu.GubanovaSO.Sprint5.Task4.V30.Test", "Tyuiu.GubanovaSO.Sprint5.Task4.V30.Test\Tyuiu.GubanovaSO.Sprint5.Task4.V30.Test.csproj", "{6A34EE7A-6E98-4073-B367-A84B295C2C3C}"
EndProject
Project("{FAE04EC0-301F-11D3-BF4B-00C04F79EFBC}") = "Tyuiu.GubanovaSO.Sprint5.Task4.V30.Lib", "Tyuiu.GubanovaSO.Sprint5.Task4.V30.Lib\Tyuiu.GubanovaSO.Sprint5.Task4.V30.Lib.csproj", "{28605C14-C95F-421C-8987-CE1327DCEFFD}"
EndProject
Project("{FAE04EC0-301F-11D3-BF4B-00C04F79EFBC}") = "Tyuiu.GubanovaSO.Sprint5.Task5.V20.Lib", "Tyuiu.GubanovaSO.Sprint5.Task5.V20.Lib\Tyuiu.GubanovaSO.Sprint5.Task5.V20.Lib.csproj", "{C10C3090-DC3D-4455-A044-1E67F119FABE}"
EndProject
Project("{FAE04EC0-301F-11D3-BF4B-00C04F79EFBC}") = "Tyuiu.GubanovaSO.Sprint5.Task5.V20.Test", "Tyuiu.GubanovaSO.Sprint5.Task5.V20.Test\Tyuiu.GubanovaSO.Sprint5.Task5.V20.Test.csproj", "{0BA0A4C0-2154-43B3-9995-A183D90CEBFC}"
EndProject
Project("{FAE04EC0-301F-11D3-BF4B-00C04F79EFBC}") = "Tyuiu.GubanovaSO.Sprint5.Task5.V20", "Tyuiu.GubanovaSO.Sprint5.Task5.V20\Tyuiu.GubanovaSO.Sprint5.Task5.V20.csproj", "{14B18E71-ECDF-4B92-AE3D-BFC0B3005545}"
EndProject
Project("{FAE04EC0-301F-11D3-BF4B-00C04F79EFBC}") = "Tyuiu.GubanovaSO.Sprint5.Task6.V29", "Tyuiu.GubanovaSO.Sprint5.Task6.V29\Tyuiu.GubanovaSO.Sprint5.Task6.V29.csproj", "{04413052-9975-4AAB-819F-70637511AEE7}"
EndProject
Project("{FAE04EC0-301F-11D3-BF4B-00C04F79EFBC}") = "Tyuiu.GubanovaSO.Sprint5.Task6.V29.Test", "Tyuiu.GubanovaSO.Sprint5.Task6.V29.Test\Tyuiu.GubanovaSO.Sprint5.Task6.V29.Test.csproj", "{EC7B16D4-9C69-46A7-96F3-D220301A3443}"
EndProject
Project("{FAE04EC0-301F-11D3-BF4B-00C04F79EFBC}") = "Tyuiu.GubanovaSO.Sprint5.Task6.V29.Lib", "Tyuiu.GubanovaSO.Sprint5.Task6.V29.Lib\Tyuiu.GubanovaSO.Sprint5.Task6.V29.Lib.csproj", "{AC44963E-F638-4AD1-B570-824A9929D9CA}"
EndProject
Project("{FAE04EC0-301F-11D3-BF4B-00C04F79EFBC}") = "Tyuiu.GubanovaSO.Sprint5.Task7.V5.Lib", "Tyuiu.GubanovaSO.Sprint5.Task7.V5.Lib\Tyuiu.GubanovaSO.Sprint5.Task7.V5.Lib.csproj", "{993326B8-A5B9-45E7-9DEA-0C360EAECCD9}"
EndProject
Project("{FAE04EC0-301F-11D3-BF4B-00C04F79EFBC}") = "Tyuiu.GubanovaSO.Sprint5.Task7.V5.Test", "Tyuiu.GubanovaSO.Sprint5.Task7.V5.Test\Tyuiu.GubanovaSO.Sprint5.Task7.V5.Test.csproj", "{A0869F4C-2E68-41C1-87A4-4FE02E0BC4C9}"
EndProject
Project("{FAE04EC0-301F-11D3-BF4B-00C04F79EFBC}") = "Tyuiu.GubanovaSO.Sprint5.Task7.V5", "Tyuiu.GubanovaSO.Sprint5.Task7.V5\Tyuiu.GubanovaSO.Sprint5.Task7.V5.csproj", "{947DB539-2402-4C7F-A1F2-8DB29AC234CA}"
EndProject
Global
	GlobalSection(SolutionConfigurationPlatforms) = preSolution
		Debug|Any CPU = Debug|Any CPU
		Release|Any CPU = Release|Any CPU
	EndGlobalSection
	GlobalSection(ProjectConfigurationPlatforms) = postSolution
		{3E2C2EE1-A3F3-45E3-BD79-643A4AD2BAD8}.Debug|Any CPU.ActiveCfg = Debug|Any CPU
		{3E2C2EE1-A3F3-45E3-BD79-643A4AD2BAD8}.Debug|Any CPU.Build.0 = Debug|Any CPU
		{3E2C2EE1-A3F3-45E3-BD79-643A4AD2BAD8}.Release|Any CPU.ActiveCfg = Release|Any CPU
		{3E2C2EE1-A3F3-45E3-BD79-643A4AD2BAD8}.Release|Any CPU.Build.0 = Release|Any CPU
		{5891B6B5-D11B-4573-A8C2-7F15F62934B3}.Debug|Any CPU.ActiveCfg = Debug|Any CPU
		{5891B6B5-D11B-4573-A8C2-7F15F62934B3}.Debug|Any CPU.Build.0 = Debug|Any CPU
		{5891B6B5-D11B-4573-A8C2-7F15F62934B3}.Release|Any CPU.ActiveCfg = Release|Any CPU
		{5891B6B5-D11B-4573-A8C2-7F15F62934B3}.Release|Any CPU.Build.0 = Release|Any CPU
		{1557B24B-45D1-4481-8F99-74716B5FF7C9}.Debug|Any CPU.ActiveCfg = Debug|Any CPU
		{1557B24B-45D1-4481-8F99-74716B5FF7C9}.Debug|Any CPU.Build.0 = Debug|Any CPU
		{1557B24B-45D1-4481-8F99-74716B5FF7C9}.Release|Any CPU.ActiveCfg = Release|Any CPU
		{1557B24B-45D1-4481-8F99-74716B5FF7C9}.Release|Any CPU.Build.0 = Release|Any CPU
		{2FE99F7C-E49A-4DEA-82DD-802F4D9D66F9}.Debug|Any CPU.ActiveCfg = Debug|Any CPU
		{2FE99F7C-E49A-4DEA-82DD-802F4D9D66F9}.Debug|Any CPU.Build.0 = Debug|Any CPU
		{2FE99F7C-E49A-4DEA-82DD-802F4D9D66F9}.Release|Any CPU.ActiveCfg = Release|Any CPU
		{2FE99F7C-E49A-4DEA-82DD-802F4D9D66F9}.Release|Any CPU.Build.0 = Release|Any CPU
		{20ABA3A0-EDEB-4BC1-8733-09CAE0042840}.Debug|Any CPU.ActiveCfg = Debug|Any CPU
		{20ABA3A0-EDEB-4BC1-8733-09CAE0042840}.Debug|Any CPU.Build.0 = Debug|Any CPU
		{20ABA3A0-EDEB-4BC1-8733-09CAE0042840}.Release|Any CPU.ActiveCfg = Release|Any CPU
		{20ABA3A0-EDEB-4BC1-8733-09CAE0042840}.Release|Any CPU.Build.0 = Release|Any CPU
		{03CA6ED6-6E3A-44CD-ABB8-150EE8345794}.Debug|Any CPU.ActiveCfg = Debug|Any CPU
		{03CA6ED6-6E3A-44CD-ABB8-150EE8345794}.Debug|Any CPU.Build.0 = Debug|Any CPU
		{03CA6ED6-6E3A-44CD-ABB8-150EE8345794}.Release|Any CPU.ActiveCfg = Release|Any CPU
		{03CA6ED6-6E3A-44CD-ABB8-150EE8345794}.Release|Any CPU.Build.0 = Release|Any CPU
		{20B93611-8C22-4C6E-AC23-18CC0275FADB}.Debug|Any CPU.ActiveCfg = Debug|Any CPU
		{20B93611-8C22-4C6E-AC23-18CC0275FADB}.Debug|Any CPU.Build.0 = Debug|Any CPU
		{20B93611-8C22-4C6E-AC23-18CC0275FADB}.Release|Any CPU.ActiveCfg = Release|Any CPU
		{20B93611-8C22-4C6E-AC23-18CC0275FADB}.Release|Any CPU.Build.0 = Release|Any CPU
		{7644F645-979E-4076-B279-469E4B40F3B7}.Debug|Any CPU.ActiveCfg = Debug|Any CPU
		{7644F645-979E-4076-B279-469E4B40F3B7}.Debug|Any CPU.Build.0 = Debug|Any CPU
		{7644F645-979E-4076-B279-469E4B40F3B7}.Release|Any CPU.ActiveCfg = Release|Any CPU
		{7644F645-979E-4076-B279-469E4B40F3B7}.Release|Any CPU.Build.0 = Release|Any CPU
		{99AB4A5D-A1D7-4126-915F-E13E7D3939F6}.Debug|Any CPU.ActiveCfg = Debug|Any CPU
		{99AB4A5D-A1D7-4126-915F-E13E7D3939F6}.Debug|Any CPU.Build.0 = Debug|Any CPU
		{99AB4A5D-A1D7-4126-915F-E13E7D3939F6}.Release|Any CPU.ActiveCfg = Release|Any CPU
		{99AB4A5D-A1D7-4126-915F-E13E7D3939F6}.Release|Any CPU.Build.0 = Release|Any CPU
		{E4918FBB-B048-47D5-940B-6A79469EFD74}.Debug|Any CPU.ActiveCfg = Debug|Any CPU
		{E4918FBB-B048-47D5-940B-6A79469EFD74}.Debug|Any CPU.Build.0 = Debug|Any CPU
		{E4918FBB-B048-47D5-940B-6A79469EFD74}.Release|Any CPU.ActiveCfg = Release|Any CPU
		{E4918FBB-B048-47D5-940B-6A79469EFD74}.Release|Any CPU.Build.0 = Release|Any CPU
		{3EF9E9CB-058F-494E-B5B3-13EFA7713F0D}.Debug|Any CPU.ActiveCfg = Debug|Any CPU
		{3EF9E9CB-058F-494E-B5B3-13EFA7713F0D}.Debug|Any CPU.Build.0 = Debug|Any CPU
		{3EF9E9CB-058F-494E-B5B3-13EFA7713F0D}.Release|Any CPU.ActiveCfg = Release|Any CPU
		{3EF9E9CB-058F-494E-B5B3-13EFA7713F0D}.Release|Any CPU.Build.0 = Release|Any CPU
		{6A28190F-1C2F-4DC9-B9C1-2C6725E2BA52}.Debug|Any CPU.ActiveCfg = Debug|Any CPU
		{6A28190F-1C2F-4DC9-B9C1-2C6725E2BA52}.Debug|Any CPU.Build.0 = Debug|Any CPU
		{6A28190F-1C2F-4DC9-B9C1-2C6725E2BA52}.Release|Any CPU.ActiveCfg = Release|Any CPU
		{6A28190F-1C2F-4DC9-B9C1-2C6725E2BA52}.Release|Any CPU.Build.0 = Release|Any CPU
		{4E9351E7-B21A-409E-800B-1581F5CA2B6A}.Debug|Any CPU.ActiveCfg = Debug|Any CPU
		{4E9351E7-B21A-409E-800B-1581F5CA2B6A}.Debug|Any CPU.Build.0 = Debug|Any CPU
		{4E9351E7-B21A-409E-800B-1581F5CA2B6A}.Release|Any CPU.ActiveCfg = Release|Any CPU
		{4E9351E7-B21A-409E-800B-1581F5CA2B6A}.Release|Any CPU.Build.0 = Release|Any CPU
		{6A34EE7A-6E98-4073-B367-A84B295C2C3C}.Debug|Any CPU.ActiveCfg = Debug|Any CPU
		{6A34EE7A-6E98-4073-B367-A84B295C2C3C}.Debug|Any CPU.Build.0 = Debug|Any CPU
		{6A34EE7A-6E98-4073-B367-A84B295C2C3C}.Release|Any CPU.ActiveCfg = Release|Any CPU
		{6A34EE7A-6E98-4073-B367-A84B295C2C3C}.Release|Any CPU.Build.0 = Release|Any CPU
		{28605C14-C95F-421C-8987-CE1327DCEFFD}.Debug|Any CPU.ActiveCfg = Debug|Any CPU
		{28605C14-C95F-421C-8987-CE1327DCEFFD}.Debug|Any CPU.Build.0 = Debug|Any CPU
		{28605C14-C95F-421C-8987-CE1327DCEFFD}.Release|Any CPU.ActiveCfg = Release|Any CPU
		{28605C14-C95F-421C-8987-CE1327DCEFFD}.Release|Any CPU.Build.0 = Release|Any CPU
		{C10C3090-DC3D-4455-A044-1E67F119FABE}.Debug|Any CPU.ActiveCfg = Debug|Any CPU
		{C10C3090-DC3D-4455-A044-1E67F119FABE}.Debug|Any CPU.Build.0 = Debug|Any CPU
		{C10C3090-DC3D-4455-A044-1E67F119FABE}.Release|Any CPU.ActiveCfg = Release|Any CPU
		{C10C3090-DC3D-4455-A044-1E67F119FABE}.Release|Any CPU.Build.0 = Release|Any CPU
		{0BA0A4C0-2154-43B3-9995-A183D90CEBFC}.Debug|Any CPU.ActiveCfg = Debug|Any CPU
		{0BA0A4C0-2154-43B3-9995-A183D90CEBFC}.Debug|Any CPU.Build.0 = Debug|Any CPU
		{0BA0A4C0-2154-43B3-9995-A183D90CEBFC}.Release|Any CPU.ActiveCfg = Release|Any CPU
		{0BA0A4C0-2154-43B3-9995-A183D90CEBFC}.Release|Any CPU.Build.0 = Release|Any CPU
		{14B18E71-ECDF-4B92-AE3D-BFC0B3005545}.Debug|Any CPU.ActiveCfg = Debug|Any CPU
		{14B18E71-ECDF-4B92-AE3D-BFC0B3005545}.Debug|Any CPU.Build.0 = Debug|Any CPU
		{14B18E71-ECDF-4B92-AE3D-BFC0B3005545}.Release|Any CPU.ActiveCfg = Release|Any CPU
		{14B18E71-ECDF-4B92-AE3D-BFC0B3005545}.Release|Any CPU.Build.0 = Release|Any CPU
		{04413052-9975-4AAB-819F-70637511AEE7}.Debug|Any CPU.ActiveCfg = Debug|Any CPU
		{04413052-9975-4AAB-819F-70637511AEE7}.Debug|Any CPU.Build.0 = Debug|Any CPU
		{04413052-9975-4AAB-819F-70637511AEE7}.Release|Any CPU.ActiveCfg = Release|Any CPU
		{04413052-9975-4AAB-819F-70637511AEE7}.Release|Any CPU.Build.0 = Release|Any CPU
		{EC7B16D4-9C69-46A7-96F3-D220301A3443}.Debug|Any CPU.ActiveCfg = Debug|Any CPU
		{EC7B16D4-9C69-46A7-96F3-D220301A3443}.Debug|Any CPU.Build.0 = Debug|Any CPU
		{EC7B16D4-9C69-46A7-96F3-D220301A3443}.Release|Any CPU.ActiveCfg = Release|Any CPU
		{EC7B16D4-9C69-46A7-96F3-D220301A3443}.Release|Any CPU.Build.0 = Release|Any CPU
		{AC44963E-F638-4AD1-B570-824A9929D9CA}.Debug|Any CPU.ActiveCfg = Debug|Any CPU
		{AC44963E-F638-4AD1-B570-824A9929D9CA}.Debug|Any CPU.Build.0 = Debug|Any CPU
		{AC44963E-F638-4AD1-B570-824A9929D9CA}.Release|Any CPU.ActiveCfg = Release|Any CPU
		{AC44963E-F638-4AD1-B570-824A9929D9CA}.Release|Any CPU.Build.0 = Release|Any CPU
		{993326B8-A5B9-45E7-9DEA-0C360EAECCD9}.Debug|Any CPU.ActiveCfg = Debug|Any CPU
		{993326B8-A5B9-45E7-9DEA-0C360EAECCD9}.Debug|Any CPU.Build.0 = Debug|Any CPU
		{993326B8-A5B9-45E7-9DEA-0C360EAECCD9}.Release|Any CPU.ActiveCfg = Release|Any CPU
		{993326B8-A5B9-45E7-9DEA-0C360EAECCD9}.Release|Any CPU.Build.0 = Release|Any CPU
		{A0869F4C-2E68-41C1-87A4-4FE02E0BC4C9}.Debug|Any CPU.ActiveCfg = Debug|Any CPU
		{A0869F4C-2E68-41C1-87A4-4FE02E0BC4C9}.Debug|Any CPU.Build.0 = Debug|Any CPU
		{A0869F4C-2E68-41C1-87A4-4FE02E0BC4C9}.Release|Any CPU.ActiveCfg = Release|Any CPU
		{A0869F4C-2E68-41C1-87A4-4FE02E0BC4C9}.Release|Any CPU.Build.0 = Release|Any CPU
		{947DB539-2402-4C7F-A1F2-8DB29AC234CA}.Debug|Any CPU.ActiveCfg = Debug|Any CPU
		{947DB539-2402-4C7F-A1F2-8DB29AC234CA}.Debug|Any CPU.Build.0 = Debug|Any CPU
		{947DB539-2402-4C7F-A1F2-8DB29AC234CA}.Release|Any CPU.ActiveCfg = Release|Any CPU
		{947DB539-2402-4C7F-A1F2-8DB29AC234CA}.Release|Any CPU.Build.0 = Release|Any CPU
	EndGlobalSection
	GlobalSection(SolutionProperties) = preSolution
		HideSolutionNode = FALSE
	EndGlobalSection
	GlobalSection(NestedProjects) = preSolution
		{3E2C2EE1-A3F3-45E3-BD79-643A4AD2BAD8} = {2478DEF6-61B8-4F6B-96E6-73B90BCB727F}
		{5891B6B5-D11B-4573-A8C2-7F15F62934B3} = {2478DEF6-61B8-4F6B-96E6-73B90BCB727F}
		{1557B24B-45D1-4481-8F99-74716B5FF7C9} = {2478DEF6-61B8-4F6B-96E6-73B90BCB727F}
		{2FE99F7C-E49A-4DEA-82DD-802F4D9D66F9} = {5EAD9189-71E2-4E9C-8446-18352046C9D3}
		{20ABA3A0-EDEB-4BC1-8733-09CAE0042840} = {5EAD9189-71E2-4E9C-8446-18352046C9D3}
		{03CA6ED6-6E3A-44CD-ABB8-150EE8345794} = {5EAD9189-71E2-4E9C-8446-18352046C9D3}
		{20B93611-8C22-4C6E-AC23-18CC0275FADB} = {B969B5DF-FB0D-47A1-813C-8603224426CB}
		{7644F645-979E-4076-B279-469E4B40F3B7} = {B969B5DF-FB0D-47A1-813C-8603224426CB}
		{99AB4A5D-A1D7-4126-915F-E13E7D3939F6} = {B969B5DF-FB0D-47A1-813C-8603224426CB}
		{E4918FBB-B048-47D5-940B-6A79469EFD74} = {14C0B8E8-F02E-405A-93A0-664348343421}
		{3EF9E9CB-058F-494E-B5B3-13EFA7713F0D} = {14C0B8E8-F02E-405A-93A0-664348343421}
		{6A28190F-1C2F-4DC9-B9C1-2C6725E2BA52} = {14C0B8E8-F02E-405A-93A0-664348343421}
		{4E9351E7-B21A-409E-800B-1581F5CA2B6A} = {49BA2B80-F4F0-41ED-BAAB-88FFCF16D83B}
		{6A34EE7A-6E98-4073-B367-A84B295C2C3C} = {49BA2B80-F4F0-41ED-BAAB-88FFCF16D83B}
		{28605C14-C95F-421C-8987-CE1327DCEFFD} = {49BA2B80-F4F0-41ED-BAAB-88FFCF16D83B}
		{C10C3090-DC3D-4455-A044-1E67F119FABE} = {68584E8B-A8D4-4BA5-BE53-DC010BC92B93}
		{0BA0A4C0-2154-43B3-9995-A183D90CEBFC} = {68584E8B-A8D4-4BA5-BE53-DC010BC92B93}
		{14B18E71-ECDF-4B92-AE3D-BFC0B3005545} = {68584E8B-A8D4-4BA5-BE53-DC010BC92B93}
		{04413052-9975-4AAB-819F-70637511AEE7} = {DE4ED3D3-E020-44B1-9029-AD2432B6FF2C}
		{EC7B16D4-9C69-46A7-96F3-D220301A3443} = {DE4ED3D3-E020-44B1-9029-AD2432B6FF2C}
		{AC44963E-F638-4AD1-B570-824A9929D9CA} = {DE4ED3D3-E020-44B1-9029-AD2432B6FF2C}
		{993326B8-A5B9-45E7-9DEA-0C360EAECCD9} = {0B98577C-E678-476E-90A1-B70DE3FC3CFF}
		{A0869F4C-2E68-41C1-87A4-4FE02E0BC4C9} = {0B98577C-E678-476E-90A1-B70DE3FC3CFF}
		{947DB539-2402-4C7F-A1F2-8DB29AC234CA} = {0B98577C-E678-476E-90A1-B70DE3FC3CFF}
	EndGlobalSection
	GlobalSection(ExtensibilityGlobals) = postSolution
		SolutionGuid = {B4514917-1DC6-4F8A-8874-D3B04E4D6E56}
	EndGlobalSection
EndGlobal
